
Microsoft Visual Studio Solution File, Format Version 12.00
# Visual Studio Version 16
VisualStudioVersion = 16.0.30611.23
MinimumVisualStudioVersion = 10.0.40219.1
Project("{FAE04EC0-301F-11D3-BF4B-00C04F79EFBC}") = "Datos", "Datos\Datos.csproj", "{F7A60153-250F-4F56-8DEC-415A6B2CFD32}"
EndProject
Project("{FAE04EC0-301F-11D3-BF4B-00C04F79EFBC}") = "Entidades", "Entidades\Entidades.csproj", "{DAA8FE16-B16C-4CD3-B5BD-1BDE82583775}"
EndProject
Project("{FAE04EC0-301F-11D3-BF4B-00C04F79EFBC}") = "Negocios", "Negocios\Negocios.csproj", "{008206B4-322E-46BA-85AA-5B6A3B13A0B3}"
EndProject
Project("{FAE04EC0-301F-11D3-BF4B-00C04F79EFBC}") = "Presentacion", "Presentacion\Presentacion.csproj", "{19F9BDBA-2F40-44DB-B3B8-B0F86E16D2BD}"
EndProject
Global
	GlobalSection(SolutionConfigurationPlatforms) = preSolution
		Debug|Any CPU = Debug|Any CPU
		Release|Any CPU = Release|Any CPU
	EndGlobalSection
	GlobalSection(ProjectConfigurationPlatforms) = postSolution
		{F7A60153-250F-4F56-8DEC-415A6B2CFD32}.Debug|Any CPU.ActiveCfg = Debug|Any CPU
		{F7A60153-250F-4F56-8DEC-415A6B2CFD32}.Debug|Any CPU.Build.0 = Debug|Any CPU
		{F7A60153-250F-4F56-8DEC-415A6B2CFD32}.Release|Any CPU.ActiveCfg = Release|Any CPU
		{F7A60153-250F-4F56-8DEC-415A6B2CFD32}.Release|Any CPU.Build.0 = Release|Any CPU
		{DAA8FE16-B16C-4CD3-B5BD-1BDE82583775}.Debug|Any CPU.ActiveCfg = Debug|Any CPU
		{DAA8FE16-B16C-4CD3-B5BD-1BDE82583775}.Debug|Any CPU.Build.0 = Debug|Any CPU
		{DAA8FE16-B16C-4CD3-B5BD-1BDE82583775}.Release|Any CPU.ActiveCfg = Release|Any CPU
		{DAA8FE16-B16C-4CD3-B5BD-1BDE82583775}.Release|Any CPU.Build.0 = Release|Any CPU
		{008206B4-322E-46BA-85AA-5B6A3B13A0B3}.Debug|Any CPU.ActiveCfg = Debug|Any CPU
		{008206B4-322E-46BA-85AA-5B6A3B13A0B3}.Debug|Any CPU.Build.0 = Debug|Any CPU
		{008206B4-322E-46BA-85AA-5B6A3B13A0B3}.Release|Any CPU.ActiveCfg = Release|Any CPU
		{008206B4-322E-46BA-85AA-5B6A3B13A0B3}.Release|Any CPU.Build.0 = Release|Any CPU
		{19F9BDBA-2F40-44DB-B3B8-B0F86E16D2BD}.Debug|Any CPU.ActiveCfg = Debug|Any CPU
		{19F9BDBA-2F40-44DB-B3B8-B0F86E16D2BD}.Debug|Any CPU.Build.0 = Debug|Any CPU
		{19F9BDBA-2F40-44DB-B3B8-B0F86E16D2BD}.Release|Any CPU.ActiveCfg = Release|Any CPU
		{19F9BDBA-2F40-44DB-B3B8-B0F86E16D2BD}.Release|Any CPU.Build.0 = Release|Any CPU
	EndGlobalSection
	GlobalSection(SolutionProperties) = preSolution
		HideSolutionNode = FALSE
	EndGlobalSection
	GlobalSection(ExtensibilityGlobals) = postSolution
		SolutionGuid = {58CD5F0F-E943-47AB-9344-3FBD0BBAB363}
	EndGlobalSection
EndGlobal
